
Microsoft Visual Studio Solution File, Format Version 12.00
# Visual Studio 15
VisualStudioVersion = 15.0.28010.2036
MinimumVisualStudioVersion = 10.0.40219.1
Project("{FAE04EC0-301F-11D3-BF4B-00C04F79EFBC}") = "ConsumoRendimento", "ConsumoRendimento\ConsumoRendimento.csproj", "{D675D973-79FD-4330-8D53-42CB352C08FF}"
EndProject
Global
	GlobalSection(SolutionConfigurationPlatforms) = preSolution
		Debug|Any CPU = Debug|Any CPU
		Release|Any CPU = Release|Any CPU
	EndGlobalSection
	GlobalSection(ProjectConfigurationPlatforms) = postSolution
		{D675D973-79FD-4330-8D53-42CB352C08FF}.Debug|Any CPU.ActiveCfg = Debug|Any CPU
		{D675D973-79FD-4330-8D53-42CB352C08FF}.Debug|Any CPU.Build.0 = Debug|Any CPU
		{D675D973-79FD-4330-8D53-42CB352C08FF}.Release|Any CPU.ActiveCfg = Release|Any CPU
		{D675D973-79FD-4330-8D53-42CB352C08FF}.Release|Any CPU.Build.0 = Release|Any CPU
	EndGlobalSection
	GlobalSection(SolutionProperties) = preSolution
		HideSolutionNode = FALSE
	EndGlobalSection
	GlobalSection(ExtensibilityGlobals) = postSolution
		SolutionGuid = {6C4DEA59-DB01-4BF5-AB0E-2A196A10982F}
	EndGlobalSection
EndGlobal
