
Microsoft Visual Studio Solution File, Format Version 12.00
# Visual Studio 15
VisualStudioVersion = 15.0.28010.2036
MinimumVisualStudioVersion = 10.0.40219.1
Project("{FAE04EC0-301F-11D3-BF4B-00C04F79EFBC}") = "CaminhaoTruck", "CaminhaoTruck\CaminhaoTruck.csproj", "{EB61DA38-25C9-4EBB-A190-9EE166311104}"
EndProject
Global
	GlobalSection(SolutionConfigurationPlatforms) = preSolution
		Debug|Any CPU = Debug|Any CPU
		Release|Any CPU = Release|Any CPU
	EndGlobalSection
	GlobalSection(ProjectConfigurationPlatforms) = postSolution
		{EB61DA38-25C9-4EBB-A190-9EE166311104}.Debug|Any CPU.ActiveCfg = Debug|Any CPU
		{EB61DA38-25C9-4EBB-A190-9EE166311104}.Debug|Any CPU.Build.0 = Debug|Any CPU
		{EB61DA38-25C9-4EBB-A190-9EE166311104}.Release|Any CPU.ActiveCfg = Release|Any CPU
		{EB61DA38-25C9-4EBB-A190-9EE166311104}.Release|Any CPU.Build.0 = Release|Any CPU
	EndGlobalSection
	GlobalSection(SolutionProperties) = preSolution
		HideSolutionNode = FALSE
	EndGlobalSection
	GlobalSection(ExtensibilityGlobals) = postSolution
		SolutionGuid = {C5EDB471-0B8B-4A56-A947-BB8F36286765}
	EndGlobalSection
EndGlobal
