
Microsoft Visual Studio Solution File, Format Version 12.00
# Visual Studio 15
VisualStudioVersion = 15.0.28010.2036
MinimumVisualStudioVersion = 10.0.40219.1
Project("{FAE04EC0-301F-11D3-BF4B-00C04F79EFBC}") = "TotalVendas", "TotalVendas\TotalVendas.csproj", "{5198F091-2785-492B-9FDA-E4AA4C76FDBC}"
EndProject
Global
	GlobalSection(SolutionConfigurationPlatforms) = preSolution
		Debug|Any CPU = Debug|Any CPU
		Release|Any CPU = Release|Any CPU
	EndGlobalSection
	GlobalSection(ProjectConfigurationPlatforms) = postSolution
		{5198F091-2785-492B-9FDA-E4AA4C76FDBC}.Debug|Any CPU.ActiveCfg = Debug|Any CPU
		{5198F091-2785-492B-9FDA-E4AA4C76FDBC}.Debug|Any CPU.Build.0 = Debug|Any CPU
		{5198F091-2785-492B-9FDA-E4AA4C76FDBC}.Release|Any CPU.ActiveCfg = Release|Any CPU
		{5198F091-2785-492B-9FDA-E4AA4C76FDBC}.Release|Any CPU.Build.0 = Release|Any CPU
	EndGlobalSection
	GlobalSection(SolutionProperties) = preSolution
		HideSolutionNode = FALSE
	EndGlobalSection
	GlobalSection(ExtensibilityGlobals) = postSolution
		SolutionGuid = {E9A2396C-F5F5-4385-836C-E595EAA9F77E}
	EndGlobalSection
EndGlobal
